// !$*UTF8*$!
{
	archiveVersion = 1;
	classes = {
	};
	objectVersion = 50;
	objects = {

/* Begin PBXBuildFile section */
		EFD3B41F227A3B4A00F98FD6 /* AppDelegate.swift in Sources */ = {isa = PBXBuildFile; fileRef = EFD3B41E227A3B4A00F98FD6 /* AppDelegate.swift */; };
		EFD3B421227A3B4A00F98FD6 /* ViewController.swift in Sources */ = {isa = PBXBuildFile; fileRef = EFD3B420227A3B4A00F98FD6 /* ViewController.swift */; };
		EFD3B424227A3B4A00F98FD6 /* Main.storyboard in Resources */ = {isa = PBXBuildFile; fileRef = EFD3B422227A3B4A00F98FD6 /* Main.storyboard */; };
		EFD3B426227A3B4C00F98FD6 /* Assets.xcassets in Resources */ = {isa = PBXBuildFile; fileRef = EFD3B425227A3B4C00F98FD6 /* Assets.xcassets */; };
		EFD3B429227A3B4C00F98FD6 /* LaunchScreen.storyboard in Resources */ = {isa = PBXBuildFile; fileRef = EFD3B427227A3B4C00F98FD6 /* LaunchScreen.storyboard */; };
		EFD3B434227A3B4C00F98FD6 /* Fleetio_SampleTests.swift in Sources */ = {isa = PBXBuildFile; fileRef = EFD3B433227A3B4C00F98FD6 /* Fleetio_SampleTests.swift */; };
		EFD3B43F227A3B4C00F98FD6 /* Fleetio_SampleUITests.swift in Sources */ = {isa = PBXBuildFile; fileRef = EFD3B43E227A3B4C00F98FD6 /* Fleetio_SampleUITests.swift */; };
		EFD3B452227A3C6A00F98FD6 /* FIONetworkManager.swift in Sources */ = {isa = PBXBuildFile; fileRef = EFD3B451227A3C6A00F98FD6 /* FIONetworkManager.swift */; };
		EFD3B455227A4F0B00F98FD6 /* FIOFuelEntry.swift in Sources */ = {isa = PBXBuildFile; fileRef = EFD3B454227A4F0B00F98FD6 /* FIOFuelEntry.swift */; };
		EFD3B457227B362F00F98FD6 /* FuelEntryListViewController.swift in Sources */ = {isa = PBXBuildFile; fileRef = EFD3B456227B362F00F98FD6 /* FuelEntryListViewController.swift */; };
		EFD3B45C227B3A1400F98FD6 /* FIOFuelEntryCell.swift in Sources */ = {isa = PBXBuildFile; fileRef = EFD3B45A227B3A1400F98FD6 /* FIOFuelEntryCell.swift */; };
		EFD3B45D227B3A1400F98FD6 /* FIOFuelEntryCell.xib in Resources */ = {isa = PBXBuildFile; fileRef = EFD3B45B227B3A1400F98FD6 /* FIOFuelEntryCell.xib */; };
		EFD3B460227B3DB500F98FD6 /* FuelEntryMapViewController.swift in Sources */ = {isa = PBXBuildFile; fileRef = EFD3B45F227B3DB500F98FD6 /* FuelEntryMapViewController.swift */; };
		EFD3B463227B601100F98FD6 /* UIColorExtension.swift in Sources */ = {isa = PBXBuildFile; fileRef = EFD3B462227B601100F98FD6 /* UIColorExtension.swift */; };
		EFD3B468227B621A00F98FD6 /* FIOPassiveAlertView.swift in Sources */ = {isa = PBXBuildFile; fileRef = EFD3B467227B621A00F98FD6 /* FIOPassiveAlertView.swift */; };
/* End PBXBuildFile section */

/* Begin PBXContainerItemProxy section */
		EFD3B430227A3B4C00F98FD6 /* PBXContainerItemProxy */ = {
			isa = PBXContainerItemProxy;
			containerPortal = EFD3B413227A3B4A00F98FD6 /* Project object */;
			proxyType = 1;
			remoteGlobalIDString = EFD3B41A227A3B4A00F98FD6;
			remoteInfo = "Fleetio Sample";
		};
		EFD3B43B227A3B4C00F98FD6 /* PBXContainerItemProxy */ = {
			isa = PBXContainerItemProxy;
			containerPortal = EFD3B413227A3B4A00F98FD6 /* Project object */;
			proxyType = 1;
			remoteGlobalIDString = EFD3B41A227A3B4A00F98FD6;
			remoteInfo = "Fleetio Sample";
		};
/* End PBXContainerItemProxy section */

/* Begin PBXFileReference section */
		EFD3B41B227A3B4A00F98FD6 /* Fleetio Sample.app */ = {isa = PBXFileReference; explicitFileType = wrapper.application; includeInIndex = 0; path = "Fleetio Sample.app"; sourceTree = BUILT_PRODUCTS_DIR; };
		EFD3B41E227A3B4A00F98FD6 /* AppDelegate.swift */ = {isa = PBXFileReference; lastKnownFileType = sourcecode.swift; path = AppDelegate.swift; sourceTree = "<group>"; };
		EFD3B420227A3B4A00F98FD6 /* ViewController.swift */ = {isa = PBXFileReference; lastKnownFileType = sourcecode.swift; path = ViewController.swift; sourceTree = "<group>"; };
		EFD3B423227A3B4A00F98FD6 /* Base */ = {isa = PBXFileReference; lastKnownFileType = file.storyboard; name = Base; path = Base.lproj/Main.storyboard; sourceTree = "<group>"; };
		EFD3B425227A3B4C00F98FD6 /* Assets.xcassets */ = {isa = PBXFileReference; lastKnownFileType = folder.assetcatalog; path = Assets.xcassets; sourceTree = "<group>"; };
		EFD3B428227A3B4C00F98FD6 /* Base */ = {isa = PBXFileReference; lastKnownFileType = file.storyboard; name = Base; path = Base.lproj/LaunchScreen.storyboard; sourceTree = "<group>"; };
		EFD3B42A227A3B4C00F98FD6 /* Info.plist */ = {isa = PBXFileReference; lastKnownFileType = text.plist.xml; path = Info.plist; sourceTree = "<group>"; };
		EFD3B42F227A3B4C00F98FD6 /* Fleetio SampleTests.xctest */ = {isa = PBXFileReference; explicitFileType = wrapper.cfbundle; includeInIndex = 0; path = "Fleetio SampleTests.xctest"; sourceTree = BUILT_PRODUCTS_DIR; };
		EFD3B433227A3B4C00F98FD6 /* Fleetio_SampleTests.swift */ = {isa = PBXFileReference; lastKnownFileType = sourcecode.swift; path = Fleetio_SampleTests.swift; sourceTree = "<group>"; };
		EFD3B435227A3B4C00F98FD6 /* Info.plist */ = {isa = PBXFileReference; lastKnownFileType = text.plist.xml; path = Info.plist; sourceTree = "<group>"; };
		EFD3B43A227A3B4C00F98FD6 /* Fleetio SampleUITests.xctest */ = {isa = PBXFileReference; explicitFileType = wrapper.cfbundle; includeInIndex = 0; path = "Fleetio SampleUITests.xctest"; sourceTree = BUILT_PRODUCTS_DIR; };
		EFD3B43E227A3B4C00F98FD6 /* Fleetio_SampleUITests.swift */ = {isa = PBXFileReference; lastKnownFileType = sourcecode.swift; path = Fleetio_SampleUITests.swift; sourceTree = "<group>"; };
		EFD3B440227A3B4C00F98FD6 /* Info.plist */ = {isa = PBXFileReference; lastKnownFileType = text.plist.xml; path = Info.plist; sourceTree = "<group>"; };
		EFD3B451227A3C6A00F98FD6 /* FIONetworkManager.swift */ = {isa = PBXFileReference; lastKnownFileType = sourcecode.swift; path = FIONetworkManager.swift; sourceTree = "<group>"; };
		EFD3B454227A4F0B00F98FD6 /* FIOFuelEntry.swift */ = {isa = PBXFileReference; lastKnownFileType = sourcecode.swift; path = FIOFuelEntry.swift; sourceTree = "<group>"; };
		EFD3B456227B362F00F98FD6 /* FuelEntryListViewController.swift */ = {isa = PBXFileReference; lastKnownFileType = sourcecode.swift; path = FuelEntryListViewController.swift; sourceTree = "<group>"; };
		EFD3B45A227B3A1400F98FD6 /* FIOFuelEntryCell.swift */ = {isa = PBXFileReference; lastKnownFileType = sourcecode.swift; path = FIOFuelEntryCell.swift; sourceTree = "<group>"; };
		EFD3B45B227B3A1400F98FD6 /* FIOFuelEntryCell.xib */ = {isa = PBXFileReference; lastKnownFileType = file.xib; path = FIOFuelEntryCell.xib; sourceTree = "<group>"; };
		EFD3B45F227B3DB500F98FD6 /* FuelEntryMapViewController.swift */ = {isa = PBXFileReference; lastKnownFileType = sourcecode.swift; path = FuelEntryMapViewController.swift; sourceTree = "<group>"; };
		EFD3B462227B601100F98FD6 /* UIColorExtension.swift */ = {isa = PBXFileReference; lastKnownFileType = sourcecode.swift; path = UIColorExtension.swift; sourceTree = "<group>"; };
		EFD3B467227B621A00F98FD6 /* FIOPassiveAlertView.swift */ = {isa = PBXFileReference; lastKnownFileType = sourcecode.swift; path = FIOPassiveAlertView.swift; sourceTree = "<group>"; };
/* End PBXFileReference section */

/* Begin PBXFrameworksBuildPhase section */
		EFD3B418227A3B4A00F98FD6 /* Frameworks */ = {
			isa = PBXFrameworksBuildPhase;
			buildActionMask = 2147483647;
			files = (
			);
			runOnlyForDeploymentPostprocessing = 0;
		};
		EFD3B42C227A3B4C00F98FD6 /* Frameworks */ = {
			isa = PBXFrameworksBuildPhase;
			buildActionMask = 2147483647;
			files = (
			);
			runOnlyForDeploymentPostprocessing = 0;
		};
		EFD3B437227A3B4C00F98FD6 /* Frameworks */ = {
			isa = PBXFrameworksBuildPhase;
			buildActionMask = 2147483647;
			files = (
			);
			runOnlyForDeploymentPostprocessing = 0;
		};
/* End PBXFrameworksBuildPhase section */

/* Begin PBXGroup section */
		EFD3B412227A3B4A00F98FD6 = {
			isa = PBXGroup;
			children = (
				EFD3B41D227A3B4A00F98FD6 /* Fleetio Sample */,
				EFD3B432227A3B4C00F98FD6 /* Fleetio SampleTests */,
				EFD3B43D227A3B4C00F98FD6 /* Fleetio SampleUITests */,
				EFD3B41C227A3B4A00F98FD6 /* Products */,
			);
			sourceTree = "<group>";
		};
		EFD3B41C227A3B4A00F98FD6 /* Products */ = {
			isa = PBXGroup;
			children = (
				EFD3B41B227A3B4A00F98FD6 /* Fleetio Sample.app */,
				EFD3B42F227A3B4C00F98FD6 /* Fleetio SampleTests.xctest */,
				EFD3B43A227A3B4C00F98FD6 /* Fleetio SampleUITests.xctest */,
			);
			name = Products;
			sourceTree = "<group>";
		};
		EFD3B41D227A3B4A00F98FD6 /* Fleetio Sample */ = {
			isa = PBXGroup;
			children = (
				EFD3B44C227A3BC700F98FD6 /* Fleetio */,
				EFD3B44F227A3C1C00F98FD6 /* Classes */,
				EFD3B44D227A3BD100F98FD6 /* View Controllers */,
				EFD3B44E227A3BDF00F98FD6 /* Resources */,
			);
			path = "Fleetio Sample";
			sourceTree = "<group>";
		};
		EFD3B432227A3B4C00F98FD6 /* Fleetio SampleTests */ = {
			isa = PBXGroup;
			children = (
				EFD3B433227A3B4C00F98FD6 /* Fleetio_SampleTests.swift */,
				EFD3B435227A3B4C00F98FD6 /* Info.plist */,
			);
			path = "Fleetio SampleTests";
			sourceTree = "<group>";
		};
		EFD3B43D227A3B4C00F98FD6 /* Fleetio SampleUITests */ = {
			isa = PBXGroup;
			children = (
				EFD3B43E227A3B4C00F98FD6 /* Fleetio_SampleUITests.swift */,
				EFD3B440227A3B4C00F98FD6 /* Info.plist */,
			);
			path = "Fleetio SampleUITests";
			sourceTree = "<group>";
		};
		EFD3B44C227A3BC700F98FD6 /* Fleetio */ = {
			isa = PBXGroup;
			children = (
				EFD3B42A227A3B4C00F98FD6 /* Info.plist */,
				EFD3B41E227A3B4A00F98FD6 /* AppDelegate.swift */,
			);
			path = Fleetio;
			sourceTree = "<group>";
		};
		EFD3B44D227A3BD100F98FD6 /* View Controllers */ = {
			isa = PBXGroup;
			children = (
				EFD3B420227A3B4A00F98FD6 /* ViewController.swift */,
				EFD3B456227B362F00F98FD6 /* FuelEntryListViewController.swift */,
				EFD3B45F227B3DB500F98FD6 /* FuelEntryMapViewController.swift */,
			);
			path = "View Controllers";
			sourceTree = "<group>";
		};
		EFD3B44E227A3BDF00F98FD6 /* Resources */ = {
			isa = PBXGroup;
			children = (
				EFD3B427227A3B4C00F98FD6 /* LaunchScreen.storyboard */,
				EFD3B422227A3B4A00F98FD6 /* Main.storyboard */,
				EFD3B425227A3B4C00F98FD6 /* Assets.xcassets */,
			);
			path = Resources;
			sourceTree = "<group>";
		};
		EFD3B44F227A3C1C00F98FD6 /* Classes */ = {
			isa = PBXGroup;
			children = (
				EFD3B461227B5CEF00F98FD6 /* Extensions */,
				EFD3B458227B39DA00F98FD6 /* Views */,
				EFD3B453227A4EF900F98FD6 /* Models */,
				EFD3B450227A3C2700F98FD6 /* Business Objects */,
			);
			path = Classes;
			sourceTree = "<group>";
		};
		EFD3B450227A3C2700F98FD6 /* Business Objects */ = {
			isa = PBXGroup;
			children = (
				EFD3B451227A3C6A00F98FD6 /* FIONetworkManager.swift */,
			);
			path = "Business Objects";
			sourceTree = "<group>";
		};
		EFD3B453227A4EF900F98FD6 /* Models */ = {
			isa = PBXGroup;
			children = (
				EFD3B454227A4F0B00F98FD6 /* FIOFuelEntry.swift */,
			);
			path = Models;
			sourceTree = "<group>";
		};
		EFD3B458227B39DA00F98FD6 /* Views */ = {
			isa = PBXGroup;
			children = (
				EFD3B464227B61D000F98FD6 /* Custom Views */,
				EFD3B459227B39E500F98FD6 /* Table Cells */,
			);
			path = Views;
			sourceTree = "<group>";
		};
		EFD3B459227B39E500F98FD6 /* Table Cells */ = {
			isa = PBXGroup;
			children = (
				EFD3B45E227B3A1900F98FD6 /* FIOFuelEntryCell */,
			);
			path = "Table Cells";
			sourceTree = "<group>";
		};
		EFD3B45E227B3A1900F98FD6 /* FIOFuelEntryCell */ = {
			isa = PBXGroup;
			children = (
				EFD3B45A227B3A1400F98FD6 /* FIOFuelEntryCell.swift */,
				EFD3B45B227B3A1400F98FD6 /* FIOFuelEntryCell.xib */,
			);
			path = FIOFuelEntryCell;
			sourceTree = "<group>";
		};
		EFD3B461227B5CEF00F98FD6 /* Extensions */ = {
			isa = PBXGroup;
			children = (
				EFD3B462227B601100F98FD6 /* UIColorExtension.swift */,
			);
			path = Extensions;
			sourceTree = "<group>";
		};
		EFD3B464227B61D000F98FD6 /* Custom Views */ = {
			isa = PBXGroup;
			children = (
				EFD3B467227B621A00F98FD6 /* FIOPassiveAlertView.swift */,
			);
			path = "Custom Views";
			sourceTree = "<group>";
		};
/* End PBXGroup section */

/* Begin PBXNativeTarget section */
		EFD3B41A227A3B4A00F98FD6 /* Fleetio Sample */ = {
			isa = PBXNativeTarget;
			buildConfigurationList = EFD3B443227A3B4C00F98FD6 /* Build configuration list for PBXNativeTarget "Fleetio Sample" */;
			buildPhases = (
				EFD3B417227A3B4A00F98FD6 /* Sources */,
				EFD3B418227A3B4A00F98FD6 /* Frameworks */,
				EFD3B419227A3B4A00F98FD6 /* Resources */,
			);
			buildRules = (
			);
			dependencies = (
			);
			name = "Fleetio Sample";
			productName = "Fleetio Sample";
			productReference = EFD3B41B227A3B4A00F98FD6 /* Fleetio Sample.app */;
			productType = "com.apple.product-type.application";
		};
		EFD3B42E227A3B4C00F98FD6 /* Fleetio SampleTests */ = {
			isa = PBXNativeTarget;
			buildConfigurationList = EFD3B446227A3B4C00F98FD6 /* Build configuration list for PBXNativeTarget "Fleetio SampleTests" */;
			buildPhases = (
				EFD3B42B227A3B4C00F98FD6 /* Sources */,
				EFD3B42C227A3B4C00F98FD6 /* Frameworks */,
				EFD3B42D227A3B4C00F98FD6 /* Resources */,
			);
			buildRules = (
			);
			dependencies = (
				EFD3B431227A3B4C00F98FD6 /* PBXTargetDependency */,
			);
			name = "Fleetio SampleTests";
			productName = "Fleetio SampleTests";
			productReference = EFD3B42F227A3B4C00F98FD6 /* Fleetio SampleTests.xctest */;
			productType = "com.apple.product-type.bundle.unit-test";
		};
		EFD3B439227A3B4C00F98FD6 /* Fleetio SampleUITests */ = {
			isa = PBXNativeTarget;
			buildConfigurationList = EFD3B449227A3B4C00F98FD6 /* Build configuration list for PBXNativeTarget "Fleetio SampleUITests" */;
			buildPhases = (
				EFD3B436227A3B4C00F98FD6 /* Sources */,
				EFD3B437227A3B4C00F98FD6 /* Frameworks */,
				EFD3B438227A3B4C00F98FD6 /* Resources */,
			);
			buildRules = (
			);
			dependencies = (
				EFD3B43C227A3B4C00F98FD6 /* PBXTargetDependency */,
			);
			name = "Fleetio SampleUITests";
			productName = "Fleetio SampleUITests";
			productReference = EFD3B43A227A3B4C00F98FD6 /* Fleetio SampleUITests.xctest */;
			productType = "com.apple.product-type.bundle.ui-testing";
		};
/* End PBXNativeTarget section */

/* Begin PBXProject section */
		EFD3B413227A3B4A00F98FD6 /* Project object */ = {
			isa = PBXProject;
			attributes = {
				LastSwiftUpdateCheck = 1010;
				LastUpgradeCheck = 1010;
				ORGANIZATIONNAME = "Jake Dunahee";
				TargetAttributes = {
					EFD3B41A227A3B4A00F98FD6 = {
						CreatedOnToolsVersion = 10.1;
					};
					EFD3B42E227A3B4C00F98FD6 = {
						CreatedOnToolsVersion = 10.1;
						TestTargetID = EFD3B41A227A3B4A00F98FD6;
					};
					EFD3B439227A3B4C00F98FD6 = {
						CreatedOnToolsVersion = 10.1;
						TestTargetID = EFD3B41A227A3B4A00F98FD6;
					};
				};
			};
			buildConfigurationList = EFD3B416227A3B4A00F98FD6 /* Build configuration list for PBXProject "Fleetio Sample" */;
			compatibilityVersion = "Xcode 9.3";
			developmentRegion = en;
			hasScannedForEncodings = 0;
			knownRegions = (
				en,
				Base,
			);
			mainGroup = EFD3B412227A3B4A00F98FD6;
			productRefGroup = EFD3B41C227A3B4A00F98FD6 /* Products */;
			projectDirPath = "";
			projectRoot = "";
			targets = (
				EFD3B41A227A3B4A00F98FD6 /* Fleetio Sample */,
				EFD3B42E227A3B4C00F98FD6 /* Fleetio SampleTests */,
				EFD3B439227A3B4C00F98FD6 /* Fleetio SampleUITests */,
			);
		};
/* End PBXProject section */

/* Begin PBXResourcesBuildPhase section */
		EFD3B419227A3B4A00F98FD6 /* Resources */ = {
			isa = PBXResourcesBuildPhase;
			buildActionMask = 2147483647;
			files = (
				EFD3B429227A3B4C00F98FD6 /* LaunchScreen.storyboard in Resources */,
				EFD3B45D227B3A1400F98FD6 /* FIOFuelEntryCell.xib in Resources */,
				EFD3B426227A3B4C00F98FD6 /* Assets.xcassets in Resources */,
				EFD3B424227A3B4A00F98FD6 /* Main.storyboard in Resources */,
			);
			runOnlyForDeploymentPostprocessing = 0;
		};
		EFD3B42D227A3B4C00F98FD6 /* Resources */ = {
			isa = PBXResourcesBuildPhase;
			buildActionMask = 2147483647;
			files = (
			);
			runOnlyForDeploymentPostprocessing = 0;
		};
		EFD3B438227A3B4C00F98FD6 /* Resources */ = {
			isa = PBXResourcesBuildPhase;
			buildActionMask = 2147483647;
			files = (
			);
			runOnlyForDeploymentPostprocessing = 0;
		};
/* End PBXResourcesBuildPhase section */

/* Begin PBXSourcesBuildPhase section */
		EFD3B417227A3B4A00F98FD6 /* Sources */ = {
			isa = PBXSourcesBuildPhase;
			buildActionMask = 2147483647;
			files = (
				EFD3B468227B621A00F98FD6 /* FIOPassiveAlertView.swift in Sources */,
				EFD3B421227A3B4A00F98FD6 /* ViewController.swift in Sources */,
				EFD3B460227B3DB500F98FD6 /* FuelEntryMapViewController.swift in Sources */,
				EFD3B455227A4F0B00F98FD6 /* FIOFuelEntry.swift in Sources */,
				EFD3B463227B601100F98FD6 /* UIColorExtension.swift in Sources */,
				EFD3B457227B362F00F98FD6 /* FuelEntryListViewController.swift in Sources */,
				EFD3B45C227B3A1400F98FD6 /* FIOFuelEntryCell.swift in Sources */,
				EFD3B452227A3C6A00F98FD6 /* FIONetworkManager.swift in Sources */,
				EFD3B41F227A3B4A00F98FD6 /* AppDelegate.swift in Sources */,
			);
			runOnlyForDeploymentPostprocessing = 0;
		};
		EFD3B42B227A3B4C00F98FD6 /* Sources */ = {
			isa = PBXSourcesBuildPhase;
			buildActionMask = 2147483647;
			files = (
				EFD3B434227A3B4C00F98FD6 /* Fleetio_SampleTests.swift in Sources */,
			);
			runOnlyForDeploymentPostprocessing = 0;
		};
		EFD3B436227A3B4C00F98FD6 /* Sources */ = {
			isa = PBXSourcesBuildPhase;
			buildActionMask = 2147483647;
			files = (
				EFD3B43F227A3B4C00F98FD6 /* Fleetio_SampleUITests.swift in Sources */,
			);
			runOnlyForDeploymentPostprocessing = 0;
		};
/* End PBXSourcesBuildPhase section */

/* Begin PBXTargetDependency section */
		EFD3B431227A3B4C00F98FD6 /* PBXTargetDependency */ = {
			isa = PBXTargetDependency;
			target = EFD3B41A227A3B4A00F98FD6 /* Fleetio Sample */;
			targetProxy = EFD3B430227A3B4C00F98FD6 /* PBXContainerItemProxy */;
		};
		EFD3B43C227A3B4C00F98FD6 /* PBXTargetDependency */ = {
			isa = PBXTargetDependency;
			target = EFD3B41A227A3B4A00F98FD6 /* Fleetio Sample */;
			targetProxy = EFD3B43B227A3B4C00F98FD6 /* PBXContainerItemProxy */;
		};
/* End PBXTargetDependency section */

/* Begin PBXVariantGroup section */
		EFD3B422227A3B4A00F98FD6 /* Main.storyboard */ = {
			isa = PBXVariantGroup;
			children = (
				EFD3B423227A3B4A00F98FD6 /* Base */,
			);
			name = Main.storyboard;
			sourceTree = "<group>";
		};
		EFD3B427227A3B4C00F98FD6 /* LaunchScreen.storyboard */ = {
			isa = PBXVariantGroup;
			children = (
				EFD3B428227A3B4C00F98FD6 /* Base */,
			);
			name = LaunchScreen.storyboard;
			sourceTree = "<group>";
		};
/* End PBXVariantGroup section */

/* Begin XCBuildConfiguration section */
		EFD3B441227A3B4C00F98FD6 /* Debug */ = {
			isa = XCBuildConfiguration;
			buildSettings = {
				ALWAYS_SEARCH_USER_PATHS = NO;
				CLANG_ANALYZER_NONNULL = YES;
				CLANG_ANALYZER_NUMBER_OBJECT_CONVERSION = YES_AGGRESSIVE;
				CLANG_CXX_LANGUAGE_STANDARD = "gnu++14";
				CLANG_CXX_LIBRARY = "libc++";
				CLANG_ENABLE_MODULES = YES;
				CLANG_ENABLE_OBJC_ARC = YES;
				CLANG_ENABLE_OBJC_WEAK = YES;
				CLANG_WARN_BLOCK_CAPTURE_AUTORELEASING = YES;
				CLANG_WARN_BOOL_CONVERSION = YES;
				CLANG_WARN_COMMA = YES;
				CLANG_WARN_CONSTANT_CONVERSION = YES;
				CLANG_WARN_DEPRECATED_OBJC_IMPLEMENTATIONS = YES;
				CLANG_WARN_DIRECT_OBJC_ISA_USAGE = YES_ERROR;
				CLANG_WARN_DOCUMENTATION_COMMENTS = YES;
				CLANG_WARN_EMPTY_BODY = YES;
				CLANG_WARN_ENUM_CONVERSION = YES;
				CLANG_WARN_INFINITE_RECURSION = YES;
				CLANG_WARN_INT_CONVERSION = YES;
				CLANG_WARN_NON_LITERAL_NULL_CONVERSION = YES;
				CLANG_WARN_OBJC_IMPLICIT_RETAIN_SELF = YES;
				CLANG_WARN_OBJC_LITERAL_CONVERSION = YES;
				CLANG_WARN_OBJC_ROOT_CLASS = YES_ERROR;
				CLANG_WARN_RANGE_LOOP_ANALYSIS = YES;
				CLANG_WARN_STRICT_PROTOTYPES = YES;
				CLANG_WARN_SUSPICIOUS_MOVE = YES;
				CLANG_WARN_UNGUARDED_AVAILABILITY = YES_AGGRESSIVE;
				CLANG_WARN_UNREACHABLE_CODE = YES;
				CLANG_WARN__DUPLICATE_METHOD_MATCH = YES;
				CODE_SIGN_IDENTITY = "iPhone Developer";
				COPY_PHASE_STRIP = NO;
				DEBUG_INFORMATION_FORMAT = dwarf;
				ENABLE_STRICT_OBJC_MSGSEND = YES;
				ENABLE_TESTABILITY = YES;
				GCC_C_LANGUAGE_STANDARD = gnu11;
				GCC_DYNAMIC_NO_PIC = NO;
				GCC_NO_COMMON_BLOCKS = YES;
				GCC_OPTIMIZATION_LEVEL = 0;
				GCC_PREPROCESSOR_DEFINITIONS = (
					"DEBUG=1",
					"$(inherited)",
				);
				GCC_WARN_64_TO_32_BIT_CONVERSION = YES;
				GCC_WARN_ABOUT_RETURN_TYPE = YES_ERROR;
				GCC_WARN_UNDECLARED_SELECTOR = YES;
				GCC_WARN_UNINITIALIZED_AUTOS = YES_AGGRESSIVE;
				GCC_WARN_UNUSED_FUNCTION = YES;
				GCC_WARN_UNUSED_VARIABLE = YES;
				IPHONEOS_DEPLOYMENT_TARGET = 12.1;
				MTL_ENABLE_DEBUG_INFO = INCLUDE_SOURCE;
				MTL_FAST_MATH = YES;
				ONLY_ACTIVE_ARCH = YES;
				SDKROOT = iphoneos;
				SWIFT_ACTIVE_COMPILATION_CONDITIONS = DEBUG;
				SWIFT_OPTIMIZATION_LEVEL = "-Onone";
			};
			name = Debug;
		};
		EFD3B442227A3B4C00F98FD6 /* Release */ = {
			isa = XCBuildConfiguration;
			buildSettings = {
				ALWAYS_SEARCH_USER_PATHS = NO;
				CLANG_ANALYZER_NONNULL = YES;
				CLANG_ANALYZER_NUMBER_OBJECT_CONVERSION = YES_AGGRESSIVE;
				CLANG_CXX_LANGUAGE_STANDARD = "gnu++14";
				CLANG_CXX_LIBRARY = "libc++";
				CLANG_ENABLE_MODULES = YES;
				CLANG_ENABLE_OBJC_ARC = YES;
				CLANG_ENABLE_OBJC_WEAK = YES;
				CLANG_WARN_BLOCK_CAPTURE_AUTORELEASING = YES;
				CLANG_WARN_BOOL_CONVERSION = YES;
				CLANG_WARN_COMMA = YES;
				CLANG_WARN_CONSTANT_CONVERSION = YES;
				CLANG_WARN_DEPRECATED_OBJC_IMPLEMENTATIONS = YES;
				CLANG_WARN_DIRECT_OBJC_ISA_USAGE = YES_ERROR;
				CLANG_WARN_DOCUMENTATION_COMMENTS = YES;
				CLANG_WARN_EMPTY_BODY = YES;
				CLANG_WARN_ENUM_CONVERSION = YES;
				CLANG_WARN_INFINITE_RECURSION = YES;
				CLANG_WARN_INT_CONVERSION = YES;
				CLANG_WARN_NON_LITERAL_NULL_CONVERSION = YES;
				CLANG_WARN_OBJC_IMPLICIT_RETAIN_SELF = YES;
				CLANG_WARN_OBJC_LITERAL_CONVERSION = YES;
				CLANG_WARN_OBJC_ROOT_CLASS = YES_ERROR;
				CLANG_WARN_RANGE_LOOP_ANALYSIS = YES;
				CLANG_WARN_STRICT_PROTOTYPES = YES;
				CLANG_WARN_SUSPICIOUS_MOVE = YES;
				CLANG_WARN_UNGUARDED_AVAILABILITY = YES_AGGRESSIVE;
				CLANG_WARN_UNREACHABLE_CODE = YES;
				CLANG_WARN__DUPLICATE_METHOD_MATCH = YES;
				CODE_SIGN_IDENTITY = "iPhone Developer";
				COPY_PHASE_STRIP = NO;
				DEBUG_INFORMATION_FORMAT = "dwarf-with-dsym";
				ENABLE_NS_ASSERTIONS = NO;
				ENABLE_STRICT_OBJC_MSGSEND = YES;
				GCC_C_LANGUAGE_STANDARD = gnu11;
				GCC_NO_COMMON_BLOCKS = YES;
				GCC_WARN_64_TO_32_BIT_CONVERSION = YES;
				GCC_WARN_ABOUT_RETURN_TYPE = YES_ERROR;
				GCC_WARN_UNDECLARED_SELECTOR = YES;
				GCC_WARN_UNINITIALIZED_AUTOS = YES_AGGRESSIVE;
				GCC_WARN_UNUSED_FUNCTION = YES;
				GCC_WARN_UNUSED_VARIABLE = YES;
				IPHONEOS_DEPLOYMENT_TARGET = 12.1;
				MTL_ENABLE_DEBUG_INFO = NO;
				MTL_FAST_MATH = YES;
				SDKROOT = iphoneos;
				SWIFT_COMPILATION_MODE = wholemodule;
				SWIFT_OPTIMIZATION_LEVEL = "-O";
				VALIDATE_PRODUCT = YES;
			};
			name = Release;
		};
		EFD3B444227A3B4C00F98FD6 /* Debug */ = {
			isa = XCBuildConfiguration;
			buildSettings = {
				ASSETCATALOG_COMPILER_APPICON_NAME = AppIcon;
				CODE_SIGN_STYLE = Automatic;
				DEVELOPMENT_TEAM = C4PWXY3Q27;
				INFOPLIST_FILE = "$(SRCROOT)/Fleetio Sample/Fleetio/Info.plist";
				LD_RUNPATH_SEARCH_PATHS = (
					"$(inherited)",
					"@executable_path/Frameworks",
				);
				PRODUCT_BUNDLE_IDENTIFIER = "Jake-Dunahee.Fleetio-Sample";
				PRODUCT_NAME = "$(TARGET_NAME)";
				SWIFT_VERSION = 4.2;
				TARGETED_DEVICE_FAMILY = "1,2";
			};
			name = Debug;
		};
		EFD3B445227A3B4C00F98FD6 /* Release */ = {
			isa = XCBuildConfiguration;
			buildSettings = {
				ASSETCATALOG_COMPILER_APPICON_NAME = AppIcon;
				CODE_SIGN_STYLE = Automatic;
				DEVELOPMENT_TEAM = C4PWXY3Q27;
				INFOPLIST_FILE = "$(SRCROOT)/Fleetio Sample/Fleetio/Info.plist";
				LD_RUNPATH_SEARCH_PATHS = (
					"$(inherited)",
					"@executable_path/Frameworks",
				);
				PRODUCT_BUNDLE_IDENTIFIER = "Jake-Dunahee.Fleetio-Sample";
				PRODUCT_NAME = "$(TARGET_NAME)";
				SWIFT_VERSION = 4.2;
				TARGETED_DEVICE_FAMILY = "1,2";
			};
			name = Release;
		};
		EFD3B447227A3B4C00F98FD6 /* Debug */ = {
			isa = XCBuildConfiguration;
			buildSettings = {
				ALWAYS_EMBED_SWIFT_STANDARD_LIBRARIES = YES;
				BUNDLE_LOADER = "$(TEST_HOST)";
				CODE_SIGN_STYLE = Automatic;
				DEVELOPMENT_TEAM = C4PWXY3Q27;
				INFOPLIST_FILE = "Fleetio SampleTests/Info.plist";
				LD_RUNPATH_SEARCH_PATHS = (
					"$(inherited)",
					"@executable_path/Frameworks",
					"@loader_path/Frameworks",
				);
				PRODUCT_BUNDLE_IDENTIFIER = "Jake-Dunahee.Fleetio-SampleTests";
				PRODUCT_NAME = "$(TARGET_NAME)";
				SWIFT_VERSION = 4.2;
				TARGETED_DEVICE_FAMILY = "1,2";
				TEST_HOST = "$(BUILT_PRODUCTS_DIR)/Fleetio Sample.app/Fleetio Sample";
			};
			name = Debug;
		};
		EFD3B448227A3B4C00F98FD6 /* Release */ = {
			isa = XCBuildConfiguration;
			buildSettings = {
				ALWAYS_EMBED_SWIFT_STANDARD_LIBRARIES = YES;
				BUNDLE_LOADER = "$(TEST_HOST)";
				CODE_SIGN_STYLE = Automatic;
				DEVELOPMENT_TEAM = C4PWXY3Q27;
				INFOPLIST_FILE = "Fleetio SampleTests/Info.plist";
				LD_RUNPATH_SEARCH_PATHS = (
					"$(inherited)",
					"@executable_path/Frameworks",
					"@loader_path/Frameworks",
				);
				PRODUCT_BUNDLE_IDENTIFIER = "Jake-Dunahee.Fleetio-SampleTests";
				PRODUCT_NAME = "$(TARGET_NAME)";
				SWIFT_VERSION = 4.2;
				TARGETED_DEVICE_FAMILY = "1,2";
				TEST_HOST = "$(BUILT_PRODUCTS_DIR)/Fleetio Sample.app/Fleetio Sample";
			};
			name = Release;
		};
		EFD3B44A227A3B4C00F98FD6 /* Debug */ = {
			isa = XCBuildConfiguration;
			buildSettings = {
				ALWAYS_EMBED_SWIFT_STANDARD_LIBRARIES = YES;
				CODE_SIGN_STYLE = Automatic;
				DEVELOPMENT_TEAM = C4PWXY3Q27;
				INFOPLIST_FILE = "Fleetio SampleUITests/Info.plist";
				LD_RUNPATH_SEARCH_PATHS = (
					"$(inherited)",
					"@executable_path/Frameworks",
					"@loader_path/Frameworks",
				);
				PRODUCT_BUNDLE_IDENTIFIER = "Jake-Dunahee.Fleetio-SampleUITests";
				PRODUCT_NAME = "$(TARGET_NAME)";
				SWIFT_VERSION = 4.2;
				TARGETED_DEVICE_FAMILY = "1,2";
				TEST_TARGET_NAME = "Fleetio Sample";
			};
			name = Debug;
		};
		EFD3B44B227A3B4C00F98FD6 /* Release */ = {
			isa = XCBuildConfiguration;
			buildSettings = {
				ALWAYS_EMBED_SWIFT_STANDARD_LIBRARIES = YES;
				CODE_SIGN_STYLE = Automatic;
				DEVELOPMENT_TEAM = C4PWXY3Q27;
				INFOPLIST_FILE = "Fleetio SampleUITests/Info.plist";
				LD_RUNPATH_SEARCH_PATHS = (
					"$(inherited)",
					"@executable_path/Frameworks",
					"@loader_path/Frameworks",
				);
				PRODUCT_BUNDLE_IDENTIFIER = "Jake-Dunahee.Fleetio-SampleUITests";
				PRODUCT_NAME = "$(TARGET_NAME)";
				SWIFT_VERSION = 4.2;
				TARGETED_DEVICE_FAMILY = "1,2";
				TEST_TARGET_NAME = "Fleetio Sample";
			};
			name = Release;
		};
/* End XCBuildConfiguration section */

/* Begin XCConfigurationList section */
		EFD3B416227A3B4A00F98FD6 /* Build configuration list for PBXProject "Fleetio Sample" */ = {
			isa = XCConfigurationList;
			buildConfigurations = (
				EFD3B441227A3B4C00F98FD6 /* Debug */,
				EFD3B442227A3B4C00F98FD6 /* Release */,
			);
			defaultConfigurationIsVisible = 0;
			defaultConfigurationName = Release;
		};
		EFD3B443227A3B4C00F98FD6 /* Build configuration list for PBXNativeTarget "Fleetio Sample" */ = {
			isa = XCConfigurationList;
			buildConfigurations = (
				EFD3B444227A3B4C00F98FD6 /* Debug */,
				EFD3B445227A3B4C00F98FD6 /* Release */,
			);
			defaultConfigurationIsVisible = 0;
			defaultConfigurationName = Release;
		};
		EFD3B446227A3B4C00F98FD6 /* Build configuration list for PBXNativeTarget "Fleetio SampleTests" */ = {
			isa = XCConfigurationList;
			buildConfigurations = (
				EFD3B447227A3B4C00F98FD6 /* Debug */,
				EFD3B448227A3B4C00F98FD6 /* Release */,
			);
			defaultConfigurationIsVisible = 0;
			defaultConfigurationName = Release;
		};
		EFD3B449227A3B4C00F98FD6 /* Build configuration list for PBXNativeTarget "Fleetio SampleUITests" */ = {
			isa = XCConfigurationList;
			buildConfigurations = (
				EFD3B44A227A3B4C00F98FD6 /* Debug */,
				EFD3B44B227A3B4C00F98FD6 /* Release */,
			);
			defaultConfigurationIsVisible = 0;
			defaultConfigurationName = Release;
		};
/* End XCConfigurationList section */
	};
	rootObject = EFD3B413227A3B4A00F98FD6 /* Project object */;
}
